
Microsoft Visual Studio Solution File, Format Version 12.00
# Visual Studio 15
VisualStudioVersion = 15.0.27703.2042
MinimumVisualStudioVersion = 10.0.40219.1
Project("{FAE04EC0-301F-11D3-BF4B-00C04F79EFBC}") = "ChatServer", "ChatServer\ChatServer.csproj", "{EC89C77D-BFCB-442F-AE67-27C3DD645A40}"
EndProject
Global
	GlobalSection(SolutionConfigurationPlatforms) = preSolution
		Debug|Any CPU = Debug|Any CPU
		Release|Any CPU = Release|Any CPU
	EndGlobalSection
	GlobalSection(ProjectConfigurationPlatforms) = postSolution
		{EC89C77D-BFCB-442F-AE67-27C3DD645A40}.Debug|Any CPU.ActiveCfg = Debug|Any CPU
		{EC89C77D-BFCB-442F-AE67-27C3DD645A40}.Debug|Any CPU.Build.0 = Debug|Any CPU
		{EC89C77D-BFCB-442F-AE67-27C3DD645A40}.Release|Any CPU.ActiveCfg = Release|Any CPU
		{EC89C77D-BFCB-442F-AE67-27C3DD645A40}.Release|Any CPU.Build.0 = Release|Any CPU
	EndGlobalSection
	GlobalSection(SolutionProperties) = preSolution
		HideSolutionNode = FALSE
	EndGlobalSection
	GlobalSection(ExtensibilityGlobals) = postSolution
		SolutionGuid = {C44FEBC6-68F6-4B54-8D43-26C719E66E47}
	EndGlobalSection
EndGlobal
